{
  "name": "ansi-logger",
  "version": "1.0.0",
  "lockfileVersion": 3,
  "requires": true,
  "packages": {
    "": {
      "name": "ansi-logger",
      "version": "1.0.0",
      "license": "ISC",
      "dependencies": {
        "ansi-lib": "^1.0.0"
      }
    },
    "node_modules/ansi-lib": {
      "version": "1.0.0",
      "resolved": "https://registry.npmjs.org/ansi-lib/-/ansi-lib-1.0.0.tgz",
      "integrity": "sha512-785jOM29x2xq3YnunafGcjIQ0jY0N9iCQbituGoogBejft/ROxThAPvfRYiQOwHFFCiFyere8LkMy/TTR6Vt2g=="
    }
  }
}
