{
  "name": "logger-ansi",
  "version": "1.1.0",
  "lockfileVersion": 3,
  "requires": true,
  "packages": {
    "": {
      "name": "logger-ansi",
      "version": "1.1.0",
      "license": "ISC",
      "dependencies": {
        "ansi-lib": "^1.2.0"
      }
    },
    "node_modules/ansi-lib": {
      "version": "1.3.0",
      "resolved": "https://registry.npmjs.org/ansi-lib/-/ansi-lib-1.3.0.tgz",
      "integrity": "sha512-M3uDdvRLtNsftKuyc4m9Oye6cmv0Bigu1KnlgotPDAtjyp02LKRH2U8qpVJcXzHSTx7rKVjsgRd1dLIRJzSH+A==",
      "license": "ISC"
    }
  }
}
